<?xml version="1.0" encoding="utf-8"?>
<Project ToolsVersion="4.0" xmlns="http://schemas.microsoft.com/developer/msbuild/2003">
  <ItemGroup>
    <Filter Include="소스 파일">
      <UniqueIdentifier>{4FC737F1-C7A5-4376-A066-2A32D752A2FF}</UniqueIdentifier>
      <Extensions>cpp;c;cc;cxx;def;odl;idl;hpj;bat;asm;asmx</Extensions>
    </Filter>
    <Filter Include="헤더 파일">
      <UniqueIdentifier>{93995380-89BD-4b04-88EB-625FBE52EBFB}</UniqueIdentifier>
      <Extensions>h;hh;hpp;hxx;hm;inl;inc;xsd</Extensions>
    </Filter>
    <Filter Include="리소스 파일">
      <UniqueIdentifier>{67DA6AB6-F800-4c08-8B7A-83BB121AAD01}</UniqueIdentifier>
      <Extensions>rc;ico;cur;bmp;dlg;rc2;rct;bin;rgs;gif;jpg;jpeg;jpe;resx;tiff;tif;png;wav;mfcribbon-ms</Extensions>
    </Filter>
    <Filter Include="App">
      <UniqueIdentifier>{cd9421eb-8968-49bf-8cb9-9a87b66bd0c1}</UniqueIdentifier>
    </Filter>
    <Filter Include="Manager">
      <UniqueIdentifier>{bf0775af-5edf-43ea-a6ad-b1c34ff9f4ae}</UniqueIdentifier>
    </Filter>
    <Filter Include="Manager\Time">
      <UniqueIdentifier>{a58d134f-d47d-4ea4-8886-df56584a96c9}</UniqueIdentifier>
    </Filter>
    <Filter Include="Manager\Key">
      <UniqueIdentifier>{27741e88-ac04-4667-85a6-65b9697a61b0}</UniqueIdentifier>
    </Filter>
    <Filter Include="Manager\ObjList">
      <UniqueIdentifier>{b3a82dbc-c794-4c6a-998d-4628a318eac6}</UniqueIdentifier>
    </Filter>
    <Filter Include="Object">
      <UniqueIdentifier>{3bde97a9-0f75-49ad-b805-2998e8444360}</UniqueIdentifier>
    </Filter>
    <Filter Include="Manager\Bitmap">
      <UniqueIdentifier>{236d4a45-8f30-42a8-bd83-4f614fd03b98}</UniqueIdentifier>
    </Filter>
    <Filter Include="Manager\Tile">
      <UniqueIdentifier>{d8773ad0-95a5-4739-85f3-b4999552e19c}</UniqueIdentifier>
    </Filter>
    <Filter Include="Object\Player">
      <UniqueIdentifier>{316202b3-f1ba-4d15-8261-d8c39d1cd7ba}</UniqueIdentifier>
    </Filter>
    <Filter Include="Object\Ground">
      <UniqueIdentifier>{e29730f8-f8a7-46d2-9349-97ef2862ece9}</UniqueIdentifier>
    </Filter>
  </ItemGroup>
  <ItemGroup>
    <ClInclude Include="Constant.h">
      <Filter>헤더 파일</Filter>
    </ClInclude>
    <ClInclude Include="Macro.h">
      <Filter>헤더 파일</Filter>
    </ClInclude>
    <ClInclude Include="Struct.h">
      <Filter>헤더 파일</Filter>
    </ClInclude>
    <ClInclude Include="Include.h">
      <Filter>헤더 파일</Filter>
    </ClInclude>
    <ClInclude Include="App.h">
      <Filter>App</Filter>
    </ClInclude>
    <ClInclude Include="Manager.h">
      <Filter>Manager</Filter>
    </ClInclude>
    <ClInclude Include="TimeManager.h">
      <Filter>Manager\Time</Filter>
    </ClInclude>
    <ClInclude Include="KeyManager.h">
      <Filter>Manager\Key</Filter>
    </ClInclude>
    <ClInclude Include="ObjList.h">
      <Filter>Manager\ObjList</Filter>
    </ClInclude>
    <ClInclude Include="Obj.h">
      <Filter>Object</Filter>
    </ClInclude>
    <ClInclude Include="BitmapManager.h">
      <Filter>Manager\Bitmap</Filter>
    </ClInclude>
    <ClInclude Include="Tile.h">
      <Filter>Manager\Tile</Filter>
    </ClInclude>
    <ClInclude Include="Player.h">
      <Filter>Object\Player</Filter>
    </ClInclude>
    <ClInclude Include="Ground.h">
      <Filter>Object\Ground</Filter>
    </ClInclude>
  </ItemGroup>
  <ItemGroup>
    <ClCompile Include="Main.cpp">
      <Filter>소스 파일</Filter>
    </ClCompile>
    <ClCompile Include="App.cpp">
      <Filter>App</Filter>
    </ClCompile>
    <ClCompile Include="TimeManager.cpp">
      <Filter>Manager\Time</Filter>
    </ClCompile>
    <ClCompile Include="KeyManager.cpp">
      <Filter>Manager\Key</Filter>
    </ClCompile>
    <ClCompile Include="ObjList.cpp">
      <Filter>Manager\ObjList</Filter>
    </ClCompile>
    <ClCompile Include="Obj.cpp">
      <Filter>Object</Filter>
    </ClCompile>
    <ClCompile Include="BitmapManager.cpp">
      <Filter>Manager\Bitmap</Filter>
    </ClCompile>
    <ClCompile Include="Tile.cpp">
      <Filter>Manager\Tile</Filter>
    </ClCompile>
    <ClCompile Include="Player.cpp">
      <Filter>Object\Player</Filter>
    </ClCompile>
    <ClCompile Include="Ground.cpp">
      <Filter>Object\Ground</Filter>
    </ClCompile>
  </ItemGroup>
</Project>